
Microsoft Visual Studio Solution File, Format Version 12.00
Project("{FAE04EC0-301F-11D3-BF4B-00C04F79EFBC}") = "PipelineTestApp", "PipelineTestApp\PipelineTestApp.csproj", "{1AC1098C-3479-4419-88DC-BFC7D44C4B92}"
EndProject
Project("{FAE04EC0-301F-11D3-BF4B-00C04F79EFBC}") = "Tests", "Tests\Tests.csproj", "{7D2C23D3-BBA5-4049-A8F0-E7419AB34649}"
EndProject
Project("{2150E333-8FDC-42A3-9474-1A3956D46DE8}") = "src", "src", "{97F9AB6E-1476-4973-BC40-27ED1373EE38}"
EndProject
Project("{2150E333-8FDC-42A3-9474-1A3956D46DE8}") = "tests", "tests", "{E784BFA3-F2AE-48D5-AE83-B3D25884FF3D}"
EndProject
Project("{FAE04EC0-301F-11D3-BF4B-00C04F79EFBC}") = "ClassLibrary", "ClassLibrary\ClassLibrary.csproj", "{346703FB-1520-467F-B9E5-DB261545AFE7}"
EndProject
Global
	GlobalSection(SolutionConfigurationPlatforms) = preSolution
		Debug|Any CPU = Debug|Any CPU
		Release|Any CPU = Release|Any CPU
	EndGlobalSection
	GlobalSection(ProjectConfigurationPlatforms) = postSolution
		{1AC1098C-3479-4419-88DC-BFC7D44C4B92}.Debug|Any CPU.ActiveCfg = Debug|Any CPU
		{1AC1098C-3479-4419-88DC-BFC7D44C4B92}.Debug|Any CPU.Build.0 = Debug|Any CPU
		{1AC1098C-3479-4419-88DC-BFC7D44C4B92}.Release|Any CPU.ActiveCfg = Release|Any CPU
		{1AC1098C-3479-4419-88DC-BFC7D44C4B92}.Release|Any CPU.Build.0 = Release|Any CPU
		{7D2C23D3-BBA5-4049-A8F0-E7419AB34649}.Debug|Any CPU.ActiveCfg = Debug|Any CPU
		{7D2C23D3-BBA5-4049-A8F0-E7419AB34649}.Debug|Any CPU.Build.0 = Debug|Any CPU
		{7D2C23D3-BBA5-4049-A8F0-E7419AB34649}.Release|Any CPU.ActiveCfg = Release|Any CPU
		{7D2C23D3-BBA5-4049-A8F0-E7419AB34649}.Release|Any CPU.Build.0 = Release|Any CPU
		{346703FB-1520-467F-B9E5-DB261545AFE7}.Debug|Any CPU.ActiveCfg = Debug|Any CPU
		{346703FB-1520-467F-B9E5-DB261545AFE7}.Debug|Any CPU.Build.0 = Debug|Any CPU
		{346703FB-1520-467F-B9E5-DB261545AFE7}.Release|Any CPU.ActiveCfg = Release|Any CPU
		{346703FB-1520-467F-B9E5-DB261545AFE7}.Release|Any CPU.Build.0 = Release|Any CPU
	EndGlobalSection
	GlobalSection(NestedProjects) = preSolution
		{1AC1098C-3479-4419-88DC-BFC7D44C4B92} = {97F9AB6E-1476-4973-BC40-27ED1373EE38}
		{7D2C23D3-BBA5-4049-A8F0-E7419AB34649} = {E784BFA3-F2AE-48D5-AE83-B3D25884FF3D}
		{346703FB-1520-467F-B9E5-DB261545AFE7} = {97F9AB6E-1476-4973-BC40-27ED1373EE38}
	EndGlobalSection
EndGlobal
