
Microsoft Visual Studio Solution File, Format Version 12.00
Project("{2150E333-8FDC-42A3-9474-1A3956D46DE8}") = "src", "src", "{7B202114-61C6-4AD8-B540-E16DDDF0DA46}"
	ProjectSection(SolutionItems) = preProject
		Dockerfile = Dockerfile
		.dockerignore = .dockerignore
	EndProjectSection
EndProject
Project("{2150E333-8FDC-42A3-9474-1A3956D46DE8}") = "tests", "tests", "{EBDF3F0D-FE95-4CE2-9D48-AA96A6607061}"
EndProject
Project("{FAE04EC0-301F-11D3-BF4B-00C04F79EFBC}") = "ProjectMetadataPlatform.Application", "ProjectMetadataPlatform.Application\ProjectMetadataPlatform.Application.csproj", "{B1C1DA21-4CD9-40FA-93AB-977B08D45A57}"
EndProject
Project("{FAE04EC0-301F-11D3-BF4B-00C04F79EFBC}") = "ProjectMetadataPlatform.Domain", "ProjectMetadataPlatform.Domain\ProjectMetadataPlatform.Domain.csproj", "{C96EED76-8F72-4CE8-A8DF-78128ABF7F5E}"
EndProject
Project("{FAE04EC0-301F-11D3-BF4B-00C04F79EFBC}") = "ProjectMetadataPlatform.Infrastructure", "ProjectMetadataPlatform.Infrastructure\ProjectMetadataPlatform.Infrastructure.csproj", "{A701E212-E5F6-45EB-BD2E-232AA4123D2C}"
EndProject
Project("{FAE04EC0-301F-11D3-BF4B-00C04F79EFBC}") = "ProjectMetadataPlatform.Api.Tests", "tests\ProjectMetadataPlatform.Api.Tests\ProjectMetadataPlatform.Api.Tests.csproj", "{505F1173-448D-4C2F-835B-FC3AD4291C13}"
EndProject
Project("{FAE04EC0-301F-11D3-BF4B-00C04F79EFBC}") = "ProjectMetadataPlatform.Application.Tests", "tests\ProjectMetadataPlatform.Application.Tests\ProjectMetadataPlatform.Application.Tests.csproj", "{497569FD-46F9-4DDA-A646-30B34C9D7F4F}"
EndProject
Project("{FAE04EC0-301F-11D3-BF4B-00C04F79EFBC}") = "ProjectMetadataPlatform.Domain.Tests", "tests\ProjectMetadataPlatform.Domain.Tests\ProjectMetadataPlatform.Domain.Tests.csproj", "{F090837A-0DA8-4584-877A-BE5A86EABC30}"
EndProject
Project("{FAE04EC0-301F-11D3-BF4B-00C04F79EFBC}") = "ProjectMetadataPlatform.Infrastructure.Tests", "tests\ProjectMetadataPlatform.Infrastructure.Tests\ProjectMetadataPlatform.Infrastructure.Tests.csproj", "{EF0D668A-A423-423A-9C9F-8DC32D4F2940}"
EndProject
Project("{FAE04EC0-301F-11D3-BF4B-00C04F79EFBC}") = "ProjectMetadataPlatform.Api", "ProjectMetadataPlatform.Api\ProjectMetadataPlatform.Api.csproj", "{C7536C6E-ADC2-423C-939E-042B97AEF9CD}"
EndProject
Project("{FAE04EC0-301F-11D3-BF4B-00C04F79EFBC}") = "ProjectMetadataPlatform.IntegrationTests", "tests\ProjectMetadataPlatform.IntegrationTests\ProjectMetadataPlatform.IntegrationTests.csproj", "{054A8413-5009-446D-9F72-1A307A859B54}"
EndProject
Global
	GlobalSection(SolutionConfigurationPlatforms) = preSolution
		Debug|Any CPU = Debug|Any CPU
		Release|Any CPU = Release|Any CPU
	EndGlobalSection
	GlobalSection(ProjectConfigurationPlatforms) = postSolution
		{B1C1DA21-4CD9-40FA-93AB-977B08D45A57}.Debug|Any CPU.ActiveCfg = Debug|Any CPU
		{B1C1DA21-4CD9-40FA-93AB-977B08D45A57}.Debug|Any CPU.Build.0 = Debug|Any CPU
		{B1C1DA21-4CD9-40FA-93AB-977B08D45A57}.Release|Any CPU.ActiveCfg = Release|Any CPU
		{B1C1DA21-4CD9-40FA-93AB-977B08D45A57}.Release|Any CPU.Build.0 = Release|Any CPU
		{C96EED76-8F72-4CE8-A8DF-78128ABF7F5E}.Debug|Any CPU.ActiveCfg = Debug|Any CPU
		{C96EED76-8F72-4CE8-A8DF-78128ABF7F5E}.Debug|Any CPU.Build.0 = Debug|Any CPU
		{C96EED76-8F72-4CE8-A8DF-78128ABF7F5E}.Release|Any CPU.ActiveCfg = Release|Any CPU
		{C96EED76-8F72-4CE8-A8DF-78128ABF7F5E}.Release|Any CPU.Build.0 = Release|Any CPU
		{A701E212-E5F6-45EB-BD2E-232AA4123D2C}.Debug|Any CPU.ActiveCfg = Debug|Any CPU
		{A701E212-E5F6-45EB-BD2E-232AA4123D2C}.Debug|Any CPU.Build.0 = Debug|Any CPU
		{A701E212-E5F6-45EB-BD2E-232AA4123D2C}.Release|Any CPU.ActiveCfg = Release|Any CPU
		{A701E212-E5F6-45EB-BD2E-232AA4123D2C}.Release|Any CPU.Build.0 = Release|Any CPU
		{505F1173-448D-4C2F-835B-FC3AD4291C13}.Debug|Any CPU.ActiveCfg = Debug|Any CPU
		{505F1173-448D-4C2F-835B-FC3AD4291C13}.Debug|Any CPU.Build.0 = Debug|Any CPU
		{505F1173-448D-4C2F-835B-FC3AD4291C13}.Release|Any CPU.ActiveCfg = Release|Any CPU
		{505F1173-448D-4C2F-835B-FC3AD4291C13}.Release|Any CPU.Build.0 = Release|Any CPU
		{497569FD-46F9-4DDA-A646-30B34C9D7F4F}.Debug|Any CPU.ActiveCfg = Debug|Any CPU
		{497569FD-46F9-4DDA-A646-30B34C9D7F4F}.Debug|Any CPU.Build.0 = Debug|Any CPU
		{497569FD-46F9-4DDA-A646-30B34C9D7F4F}.Release|Any CPU.ActiveCfg = Release|Any CPU
		{497569FD-46F9-4DDA-A646-30B34C9D7F4F}.Release|Any CPU.Build.0 = Release|Any CPU
		{F090837A-0DA8-4584-877A-BE5A86EABC30}.Debug|Any CPU.ActiveCfg = Debug|Any CPU
		{F090837A-0DA8-4584-877A-BE5A86EABC30}.Debug|Any CPU.Build.0 = Debug|Any CPU
		{F090837A-0DA8-4584-877A-BE5A86EABC30}.Release|Any CPU.ActiveCfg = Release|Any CPU
		{F090837A-0DA8-4584-877A-BE5A86EABC30}.Release|Any CPU.Build.0 = Release|Any CPU
		{EF0D668A-A423-423A-9C9F-8DC32D4F2940}.Debug|Any CPU.ActiveCfg = Debug|Any CPU
		{EF0D668A-A423-423A-9C9F-8DC32D4F2940}.Debug|Any CPU.Build.0 = Debug|Any CPU
		{EF0D668A-A423-423A-9C9F-8DC32D4F2940}.Release|Any CPU.ActiveCfg = Release|Any CPU
		{EF0D668A-A423-423A-9C9F-8DC32D4F2940}.Release|Any CPU.Build.0 = Release|Any CPU
		{C7536C6E-ADC2-423C-939E-042B97AEF9CD}.Debug|Any CPU.ActiveCfg = Debug|Any CPU
		{C7536C6E-ADC2-423C-939E-042B97AEF9CD}.Debug|Any CPU.Build.0 = Debug|Any CPU
		{C7536C6E-ADC2-423C-939E-042B97AEF9CD}.Release|Any CPU.ActiveCfg = Release|Any CPU
		{C7536C6E-ADC2-423C-939E-042B97AEF9CD}.Release|Any CPU.Build.0 = Release|Any CPU
		{054A8413-5009-446D-9F72-1A307A859B54}.Debug|Any CPU.ActiveCfg = Debug|Any CPU
		{054A8413-5009-446D-9F72-1A307A859B54}.Debug|Any CPU.Build.0 = Debug|Any CPU
		{054A8413-5009-446D-9F72-1A307A859B54}.Release|Any CPU.ActiveCfg = Release|Any CPU
		{054A8413-5009-446D-9F72-1A307A859B54}.Release|Any CPU.Build.0 = Release|Any CPU
	EndGlobalSection
	GlobalSection(NestedProjects) = preSolution
		{B1C1DA21-4CD9-40FA-93AB-977B08D45A57} = {7B202114-61C6-4AD8-B540-E16DDDF0DA46}
		{C96EED76-8F72-4CE8-A8DF-78128ABF7F5E} = {7B202114-61C6-4AD8-B540-E16DDDF0DA46}
		{A701E212-E5F6-45EB-BD2E-232AA4123D2C} = {7B202114-61C6-4AD8-B540-E16DDDF0DA46}
		{505F1173-448D-4C2F-835B-FC3AD4291C13} = {EBDF3F0D-FE95-4CE2-9D48-AA96A6607061}
		{497569FD-46F9-4DDA-A646-30B34C9D7F4F} = {EBDF3F0D-FE95-4CE2-9D48-AA96A6607061}
		{F090837A-0DA8-4584-877A-BE5A86EABC30} = {EBDF3F0D-FE95-4CE2-9D48-AA96A6607061}
		{EF0D668A-A423-423A-9C9F-8DC32D4F2940} = {EBDF3F0D-FE95-4CE2-9D48-AA96A6607061}
		{C7536C6E-ADC2-423C-939E-042B97AEF9CD} = {7B202114-61C6-4AD8-B540-E16DDDF0DA46}
		{054A8413-5009-446D-9F72-1A307A859B54} = {EBDF3F0D-FE95-4CE2-9D48-AA96A6607061}
	EndGlobalSection
EndGlobal
